// !$*UTF8*$!
{
	archiveVersion = 1;
	classes = {
	};
	objectVersion = 55;
	objects = {

/* Begin PBXBuildFile section */
		0F3B5E0528492C260090A76A /* Character.swift in Sources */ = {isa = PBXBuildFile; fileRef = 0F3B5E0428492C260090A76A /* Character.swift */; };
		0F3B5E0728492E470090A76A /* NetworkManager.swift in Sources */ = {isa = PBXBuildFile; fileRef = 0F3B5E0628492E470090A76A /* NetworkManager.swift */; };
		0F3B5E09284934B70090A76A /* AllCharactersConfigurator.swift in Sources */ = {isa = PBXBuildFile; fileRef = 0F3B5E08284934B70090A76A /* AllCharactersConfigurator.swift */; };
		0F42545D283ABECF004416B5 /* AppDelegate.swift in Sources */ = {isa = PBXBuildFile; fileRef = 0F42545C283ABECF004416B5 /* AppDelegate.swift */; };
		0F425466283ABED1004416B5 /* Assets.xcassets in Resources */ = {isa = PBXBuildFile; fileRef = 0F425465283ABED1004416B5 /* Assets.xcassets */; };
		0F425469283ABED1004416B5 /* LaunchScreen.storyboard in Resources */ = {isa = PBXBuildFile; fileRef = 0F425467283ABED1004416B5 /* LaunchScreen.storyboard */; };
		0F425474283ABED2004416B5 /* Rick_and_MorteyTests.swift in Sources */ = {isa = PBXBuildFile; fileRef = 0F425473283ABED2004416B5 /* Rick_and_MorteyTests.swift */; };
		0F42547E283ABED2004416B5 /* Rick_and_MorteyUITests.swift in Sources */ = {isa = PBXBuildFile; fileRef = 0F42547D283ABED2004416B5 /* Rick_and_MorteyUITests.swift */; };
		0F425480283ABED2004416B5 /* Rick_and_MorteyUITestsLaunchTests.swift in Sources */ = {isa = PBXBuildFile; fileRef = 0F42547F283ABED2004416B5 /* Rick_and_MorteyUITestsLaunchTests.swift */; };
		0F5928E9284FD22200BF8F7E /* NetworkErrors.swift in Sources */ = {isa = PBXBuildFile; fileRef = 0F5928E8284FD22200BF8F7E /* NetworkErrors.swift */; };
		0FB35117283AC13A005160DC /* AllCharactersViewController.swift in Sources */ = {isa = PBXBuildFile; fileRef = 0FB35116283AC13A005160DC /* AllCharactersViewController.swift */; };
		0FC561EB2847DB8700F15FAD /* CharacterCell.swift in Sources */ = {isa = PBXBuildFile; fileRef = 0FC561EA2847DB8700F15FAD /* CharacterCell.swift */; };
		0FC9C301283C117C00399C55 /* Protocols.swift in Sources */ = {isa = PBXBuildFile; fileRef = 0FC9C300283C117C00399C55 /* Protocols.swift */; };
		0FCB2A05284CB687009DA357 /* SDWebImage in Frameworks */ = {isa = PBXBuildFile; productRef = 0FCB2A04284CB687009DA357 /* SDWebImage */; };
		0FCB2A07284CB687009DA357 /* SDWebImageMapKit in Frameworks */ = {isa = PBXBuildFile; productRef = 0FCB2A06284CB687009DA357 /* SDWebImageMapKit */; };
		0FD4F125283CD71900C56743 /* AllCharactersPresenter.swift in Sources */ = {isa = PBXBuildFile; fileRef = 0FD4F124283CD71900C56743 /* AllCharactersPresenter.swift */; };
		0FD4F127283D083100C56743 /* AllCharactersRouter.swift in Sources */ = {isa = PBXBuildFile; fileRef = 0FD4F126283D083100C56743 /* AllCharactersRouter.swift */; };
		0FD4F129283D085100C56743 /* AllCharactersInteractor.swift in Sources */ = {isa = PBXBuildFile; fileRef = 0FD4F128283D085100C56743 /* AllCharactersInteractor.swift */; };
/* End PBXBuildFile section */

/* Begin PBXContainerItemProxy section */
		0F425470283ABED2004416B5 /* PBXContainerItemProxy */ = {
			isa = PBXContainerItemProxy;
			containerPortal = 0F425451283ABECF004416B5 /* Project object */;
			proxyType = 1;
			remoteGlobalIDString = 0F425458283ABECF004416B5;
			remoteInfo = "Rick and Mortey";
		};
		0F42547A283ABED2004416B5 /* PBXContainerItemProxy */ = {
			isa = PBXContainerItemProxy;
			containerPortal = 0F425451283ABECF004416B5 /* Project object */;
			proxyType = 1;
			remoteGlobalIDString = 0F425458283ABECF004416B5;
			remoteInfo = "Rick and Mortey";
		};
/* End PBXContainerItemProxy section */

/* Begin PBXFileReference section */
		0F3B5E0428492C260090A76A /* Character.swift */ = {isa = PBXFileReference; lastKnownFileType = sourcecode.swift; path = Character.swift; sourceTree = "<group>"; };
		0F3B5E0628492E470090A76A /* NetworkManager.swift */ = {isa = PBXFileReference; lastKnownFileType = sourcecode.swift; path = NetworkManager.swift; sourceTree = "<group>"; };
		0F3B5E08284934B70090A76A /* AllCharactersConfigurator.swift */ = {isa = PBXFileReference; lastKnownFileType = sourcecode.swift; path = AllCharactersConfigurator.swift; sourceTree = "<group>"; };
		0F425459283ABECF004416B5 /* Rick and Mortey.app */ = {isa = PBXFileReference; explicitFileType = wrapper.application; includeInIndex = 0; path = "Rick and Mortey.app"; sourceTree = BUILT_PRODUCTS_DIR; };
		0F42545C283ABECF004416B5 /* AppDelegate.swift */ = {isa = PBXFileReference; lastKnownFileType = sourcecode.swift; path = AppDelegate.swift; sourceTree = "<group>"; };
		0F425465283ABED1004416B5 /* Assets.xcassets */ = {isa = PBXFileReference; lastKnownFileType = folder.assetcatalog; path = Assets.xcassets; sourceTree = "<group>"; };
		0F425468283ABED1004416B5 /* Base */ = {isa = PBXFileReference; lastKnownFileType = file.storyboard; name = Base; path = Base.lproj/LaunchScreen.storyboard; sourceTree = "<group>"; };
		0F42546A283ABED1004416B5 /* Info.plist */ = {isa = PBXFileReference; lastKnownFileType = text.plist.xml; path = Info.plist; sourceTree = "<group>"; };
		0F42546F283ABED2004416B5 /* Rick and MorteyTests.xctest */ = {isa = PBXFileReference; explicitFileType = wrapper.cfbundle; includeInIndex = 0; path = "Rick and MorteyTests.xctest"; sourceTree = BUILT_PRODUCTS_DIR; };
		0F425473283ABED2004416B5 /* Rick_and_MorteyTests.swift */ = {isa = PBXFileReference; lastKnownFileType = sourcecode.swift; path = Rick_and_MorteyTests.swift; sourceTree = "<group>"; };
		0F425479283ABED2004416B5 /* Rick and MorteyUITests.xctest */ = {isa = PBXFileReference; explicitFileType = wrapper.cfbundle; includeInIndex = 0; path = "Rick and MorteyUITests.xctest"; sourceTree = BUILT_PRODUCTS_DIR; };
		0F42547D283ABED2004416B5 /* Rick_and_MorteyUITests.swift */ = {isa = PBXFileReference; lastKnownFileType = sourcecode.swift; path = Rick_and_MorteyUITests.swift; sourceTree = "<group>"; };
		0F42547F283ABED2004416B5 /* Rick_and_MorteyUITestsLaunchTests.swift */ = {isa = PBXFileReference; lastKnownFileType = sourcecode.swift; path = Rick_and_MorteyUITestsLaunchTests.swift; sourceTree = "<group>"; };
		0F5928E8284FD22200BF8F7E /* NetworkErrors.swift */ = {isa = PBXFileReference; lastKnownFileType = sourcecode.swift; path = NetworkErrors.swift; sourceTree = "<group>"; };
		0FB35116283AC13A005160DC /* AllCharactersViewController.swift */ = {isa = PBXFileReference; lastKnownFileType = sourcecode.swift; path = AllCharactersViewController.swift; sourceTree = "<group>"; };
		0FC561EA2847DB8700F15FAD /* CharacterCell.swift */ = {isa = PBXFileReference; lastKnownFileType = sourcecode.swift; path = CharacterCell.swift; sourceTree = "<group>"; };
		0FC9C300283C117C00399C55 /* Protocols.swift */ = {isa = PBXFileReference; lastKnownFileType = sourcecode.swift; path = Protocols.swift; sourceTree = "<group>"; };
		0FD4F124283CD71900C56743 /* AllCharactersPresenter.swift */ = {isa = PBXFileReference; lastKnownFileType = sourcecode.swift; path = AllCharactersPresenter.swift; sourceTree = "<group>"; };
		0FD4F126283D083100C56743 /* AllCharactersRouter.swift */ = {isa = PBXFileReference; lastKnownFileType = sourcecode.swift; path = AllCharactersRouter.swift; sourceTree = "<group>"; };
		0FD4F128283D085100C56743 /* AllCharactersInteractor.swift */ = {isa = PBXFileReference; lastKnownFileType = sourcecode.swift; path = AllCharactersInteractor.swift; sourceTree = "<group>"; };
/* End PBXFileReference section */

/* Begin PBXFrameworksBuildPhase section */
		0F425456283ABECF004416B5 /* Frameworks */ = {
			isa = PBXFrameworksBuildPhase;
			buildActionMask = 2147483647;
			files = (
				0FCB2A07284CB687009DA357 /* SDWebImageMapKit in Frameworks */,
				0FCB2A05284CB687009DA357 /* SDWebImage in Frameworks */,
			);
			runOnlyForDeploymentPostprocessing = 0;
		};
		0F42546C283ABED2004416B5 /* Frameworks */ = {
			isa = PBXFrameworksBuildPhase;
			buildActionMask = 2147483647;
			files = (
			);
			runOnlyForDeploymentPostprocessing = 0;
		};
		0F425476283ABED2004416B5 /* Frameworks */ = {
			isa = PBXFrameworksBuildPhase;
			buildActionMask = 2147483647;
			files = (
			);
			runOnlyForDeploymentPostprocessing = 0;
		};
/* End PBXFrameworksBuildPhase section */

/* Begin PBXGroup section */
		0F3B5E0328492C110090A76A /* Model */ = {
			isa = PBXGroup;
			children = (
				0F3B5E0428492C260090A76A /* Character.swift */,
			);
			path = Model;
			sourceTree = "<group>";
		};
		0F425450283ABECF004416B5 = {
			isa = PBXGroup;
			children = (
				0F42545B283ABECF004416B5 /* Rick and Mortey */,
				0F425472283ABED2004416B5 /* Rick and MorteyTests */,
				0F42547C283ABED2004416B5 /* Rick and MorteyUITests */,
				0F42545A283ABECF004416B5 /* Products */,
			);
			sourceTree = "<group>";
		};
		0F42545A283ABECF004416B5 /* Products */ = {
			isa = PBXGroup;
			children = (
				0F425459283ABECF004416B5 /* Rick and Mortey.app */,
				0F42546F283ABED2004416B5 /* Rick and MorteyTests.xctest */,
				0F425479283ABED2004416B5 /* Rick and MorteyUITests.xctest */,
			);
			name = Products;
			sourceTree = "<group>";
		};
		0F42545B283ABECF004416B5 /* Rick and Mortey */ = {
			isa = PBXGroup;
			children = (
				0F5928E7284FD20500BF8F7E /* NetworkManager */,
				0FB35114283AC0FA005160DC /* Modules */,
				0F42545C283ABECF004416B5 /* AppDelegate.swift */,
				0F425465283ABED1004416B5 /* Assets.xcassets */,
				0F425467283ABED1004416B5 /* LaunchScreen.storyboard */,
				0F42546A283ABED1004416B5 /* Info.plist */,
			);
			path = "Rick and Mortey";
			sourceTree = "<group>";
		};
		0F425472283ABED2004416B5 /* Rick and MorteyTests */ = {
			isa = PBXGroup;
			children = (
				0F425473283ABED2004416B5 /* Rick_and_MorteyTests.swift */,
			);
			path = "Rick and MorteyTests";
			sourceTree = "<group>";
		};
		0F42547C283ABED2004416B5 /* Rick and MorteyUITests */ = {
			isa = PBXGroup;
			children = (
				0F42547D283ABED2004416B5 /* Rick_and_MorteyUITests.swift */,
				0F42547F283ABED2004416B5 /* Rick_and_MorteyUITestsLaunchTests.swift */,
			);
			path = "Rick and MorteyUITests";
			sourceTree = "<group>";
		};
		0F5928E7284FD20500BF8F7E /* NetworkManager */ = {
			isa = PBXGroup;
			children = (
				0F5928E8284FD22200BF8F7E /* NetworkErrors.swift */,
				0F3B5E0628492E470090A76A /* NetworkManager.swift */,
			);
			path = NetworkManager;
			sourceTree = "<group>";
		};
		0FB35114283AC0FA005160DC /* Modules */ = {
			isa = PBXGroup;
			children = (
				0FB35115283AC110005160DC /* AllCharacters */,
			);
			path = Modules;
			sourceTree = "<group>";
		};
		0FB35115283AC110005160DC /* AllCharacters */ = {
			isa = PBXGroup;
			children = (
				0F3B5E0328492C110090A76A /* Model */,
				0FC561E92847DB6E00F15FAD /* Cell */,
				0FB35116283AC13A005160DC /* AllCharactersViewController.swift */,
				0FD4F124283CD71900C56743 /* AllCharactersPresenter.swift */,
				0FD4F128283D085100C56743 /* AllCharactersInteractor.swift */,
				0FD4F126283D083100C56743 /* AllCharactersRouter.swift */,
				0FC9C300283C117C00399C55 /* Protocols.swift */,
				0F3B5E08284934B70090A76A /* AllCharactersConfigurator.swift */,
			);
			path = AllCharacters;
			sourceTree = "<group>";
		};
		0FC561E92847DB6E00F15FAD /* Cell */ = {
			isa = PBXGroup;
			children = (
				0FC561EA2847DB8700F15FAD /* CharacterCell.swift */,
			);
			path = Cell;
			sourceTree = "<group>";
		};
/* End PBXGroup section */

/* Begin PBXNativeTarget section */
		0F425458283ABECF004416B5 /* Rick and Mortey */ = {
			isa = PBXNativeTarget;
			buildConfigurationList = 0F425483283ABED2004416B5 /* Build configuration list for PBXNativeTarget "Rick and Mortey" */;
			buildPhases = (
				0F425455283ABECF004416B5 /* Sources */,
				0F425456283ABECF004416B5 /* Frameworks */,
				0F425457283ABECF004416B5 /* Resources */,
			);
			buildRules = (
			);
			dependencies = (
			);
			name = "Rick and Mortey";
			packageProductDependencies = (
				0FCB2A04284CB687009DA357 /* SDWebImage */,
				0FCB2A06284CB687009DA357 /* SDWebImageMapKit */,
			);
			productName = "Rick and Mortey";
			productReference = 0F425459283ABECF004416B5 /* Rick and Mortey.app */;
			productType = "com.apple.product-type.application";
		};
		0F42546E283ABED2004416B5 /* Rick and MorteyTests */ = {
			isa = PBXNativeTarget;
			buildConfigurationList = 0F425486283ABED2004416B5 /* Build configuration list for PBXNativeTarget "Rick and MorteyTests" */;
			buildPhases = (
				0F42546B283ABED2004416B5 /* Sources */,
				0F42546C283ABED2004416B5 /* Frameworks */,
				0F42546D283ABED2004416B5 /* Resources */,
			);
			buildRules = (
			);
			dependencies = (
				0F425471283ABED2004416B5 /* PBXTargetDependency */,
			);
			name = "Rick and MorteyTests";
			productName = "Rick and MorteyTests";
			productReference = 0F42546F283ABED2004416B5 /* Rick and MorteyTests.xctest */;
			productType = "com.apple.product-type.bundle.unit-test";
		};
		0F425478283ABED2004416B5 /* Rick and MorteyUITests */ = {
			isa = PBXNativeTarget;
			buildConfigurationList = 0F425489283ABED2004416B5 /* Build configuration list for PBXNativeTarget "Rick and MorteyUITests" */;
			buildPhases = (
				0F425475283ABED2004416B5 /* Sources */,
				0F425476283ABED2004416B5 /* Frameworks */,
				0F425477283ABED2004416B5 /* Resources */,
			);
			buildRules = (
			);
			dependencies = (
				0F42547B283ABED2004416B5 /* PBXTargetDependency */,
			);
			name = "Rick and MorteyUITests";
			productName = "Rick and MorteyUITests";
			productReference = 0F425479283ABED2004416B5 /* Rick and MorteyUITests.xctest */;
			productType = "com.apple.product-type.bundle.ui-testing";
		};
/* End PBXNativeTarget section */

/* Begin PBXProject section */
		0F425451283ABECF004416B5 /* Project object */ = {
			isa = PBXProject;
			attributes = {
				BuildIndependentTargetsInParallel = 1;
				LastSwiftUpdateCheck = 1320;
				LastUpgradeCheck = 1320;
				TargetAttributes = {
					0F425458283ABECF004416B5 = {
						CreatedOnToolsVersion = 13.2.1;
					};
					0F42546E283ABED2004416B5 = {
						CreatedOnToolsVersion = 13.2.1;
						TestTargetID = 0F425458283ABECF004416B5;
					};
					0F425478283ABED2004416B5 = {
						CreatedOnToolsVersion = 13.2.1;
						TestTargetID = 0F425458283ABECF004416B5;
					};
				};
			};
			buildConfigurationList = 0F425454283ABECF004416B5 /* Build configuration list for PBXProject "Rick and Mortey" */;
			compatibilityVersion = "Xcode 13.0";
			developmentRegion = en;
			hasScannedForEncodings = 0;
			knownRegions = (
				en,
				Base,
			);
			mainGroup = 0F425450283ABECF004416B5;
			packageReferences = (
				0FCB2A03284CB687009DA357 /* XCRemoteSwiftPackageReference "SDWebImage" */,
			);
			productRefGroup = 0F42545A283ABECF004416B5 /* Products */;
			projectDirPath = "";
			projectRoot = "";
			targets = (
				0F425458283ABECF004416B5 /* Rick and Mortey */,
				0F42546E283ABED2004416B5 /* Rick and MorteyTests */,
				0F425478283ABED2004416B5 /* Rick and MorteyUITests */,
			);
		};
/* End PBXProject section */

/* Begin PBXResourcesBuildPhase section */
		0F425457283ABECF004416B5 /* Resources */ = {
			isa = PBXResourcesBuildPhase;
			buildActionMask = 2147483647;
			files = (
				0F425469283ABED1004416B5 /* LaunchScreen.storyboard in Resources */,
				0F425466283ABED1004416B5 /* Assets.xcassets in Resources */,
			);
			runOnlyForDeploymentPostprocessing = 0;
		};
		0F42546D283ABED2004416B5 /* Resources */ = {
			isa = PBXResourcesBuildPhase;
			buildActionMask = 2147483647;
			files = (
			);
			runOnlyForDeploymentPostprocessing = 0;
		};
		0F425477283ABED2004416B5 /* Resources */ = {
			isa = PBXResourcesBuildPhase;
			buildActionMask = 2147483647;
			files = (
			);
			runOnlyForDeploymentPostprocessing = 0;
		};
/* End PBXResourcesBuildPhase section */

/* Begin PBXSourcesBuildPhase section */
		0F425455283ABECF004416B5 /* Sources */ = {
			isa = PBXSourcesBuildPhase;
			buildActionMask = 2147483647;
			files = (
				0F3B5E0728492E470090A76A /* NetworkManager.swift in Sources */,
				0FD4F129283D085100C56743 /* AllCharactersInteractor.swift in Sources */,
				0FD4F125283CD71900C56743 /* AllCharactersPresenter.swift in Sources */,
				0FD4F127283D083100C56743 /* AllCharactersRouter.swift in Sources */,
				0F3B5E09284934B70090A76A /* AllCharactersConfigurator.swift in Sources */,
				0FC561EB2847DB8700F15FAD /* CharacterCell.swift in Sources */,
				0FC9C301283C117C00399C55 /* Protocols.swift in Sources */,
				0FB35117283AC13A005160DC /* AllCharactersViewController.swift in Sources */,
				0F5928E9284FD22200BF8F7E /* NetworkErrors.swift in Sources */,
				0F42545D283ABECF004416B5 /* AppDelegate.swift in Sources */,
				0F3B5E0528492C260090A76A /* Character.swift in Sources */,
			);
			runOnlyForDeploymentPostprocessing = 0;
		};
		0F42546B283ABED2004416B5 /* Sources */ = {
			isa = PBXSourcesBuildPhase;
			buildActionMask = 2147483647;
			files = (
				0F425474283ABED2004416B5 /* Rick_and_MorteyTests.swift in Sources */,
			);
			runOnlyForDeploymentPostprocessing = 0;
		};
		0F425475283ABED2004416B5 /* Sources */ = {
			isa = PBXSourcesBuildPhase;
			buildActionMask = 2147483647;
			files = (
				0F42547E283ABED2004416B5 /* Rick_and_MorteyUITests.swift in Sources */,
				0F425480283ABED2004416B5 /* Rick_and_MorteyUITestsLaunchTests.swift in Sources */,
			);
			runOnlyForDeploymentPostprocessing = 0;
		};
/* End PBXSourcesBuildPhase section */

/* Begin PBXTargetDependency section */
		0F425471283ABED2004416B5 /* PBXTargetDependency */ = {
			isa = PBXTargetDependency;
			target = 0F425458283ABECF004416B5 /* Rick and Mortey */;
			targetProxy = 0F425470283ABED2004416B5 /* PBXContainerItemProxy */;
		};
		0F42547B283ABED2004416B5 /* PBXTargetDependency */ = {
			isa = PBXTargetDependency;
			target = 0F425458283ABECF004416B5 /* Rick and Mortey */;
			targetProxy = 0F42547A283ABED2004416B5 /* PBXContainerItemProxy */;
		};
/* End PBXTargetDependency section */

/* Begin PBXVariantGroup section */
		0F425467283ABED1004416B5 /* LaunchScreen.storyboard */ = {
			isa = PBXVariantGroup;
			children = (
				0F425468283ABED1004416B5 /* Base */,
			);
			name = LaunchScreen.storyboard;
			sourceTree = "<group>";
		};
/* End PBXVariantGroup section */

/* Begin XCBuildConfiguration section */
		0F425481283ABED2004416B5 /* Debug */ = {
			isa = XCBuildConfiguration;
			buildSettings = {
				ALWAYS_SEARCH_USER_PATHS = NO;
				CLANG_ANALYZER_NONNULL = YES;
				CLANG_ANALYZER_NUMBER_OBJECT_CONVERSION = YES_AGGRESSIVE;
				CLANG_CXX_LANGUAGE_STANDARD = "gnu++17";
				CLANG_CXX_LIBRARY = "libc++";
				CLANG_ENABLE_MODULES = YES;
				CLANG_ENABLE_OBJC_ARC = YES;
				CLANG_ENABLE_OBJC_WEAK = YES;
				CLANG_WARN_BLOCK_CAPTURE_AUTORELEASING = YES;
				CLANG_WARN_BOOL_CONVERSION = YES;
				CLANG_WARN_COMMA = YES;
				CLANG_WARN_CONSTANT_CONVERSION = YES;
				CLANG_WARN_DEPRECATED_OBJC_IMPLEMENTATIONS = YES;
				CLANG_WARN_DIRECT_OBJC_ISA_USAGE = YES_ERROR;
				CLANG_WARN_DOCUMENTATION_COMMENTS = YES;
				CLANG_WARN_EMPTY_BODY = YES;
				CLANG_WARN_ENUM_CONVERSION = YES;
				CLANG_WARN_INFINITE_RECURSION = YES;
				CLANG_WARN_INT_CONVERSION = YES;
				CLANG_WARN_NON_LITERAL_NULL_CONVERSION = YES;
				CLANG_WARN_OBJC_IMPLICIT_RETAIN_SELF = YES;
				CLANG_WARN_OBJC_LITERAL_CONVERSION = YES;
				CLANG_WARN_OBJC_ROOT_CLASS = YES_ERROR;
				CLANG_WARN_QUOTED_INCLUDE_IN_FRAMEWORK_HEADER = YES;
				CLANG_WARN_RANGE_LOOP_ANALYSIS = YES;
				CLANG_WARN_STRICT_PROTOTYPES = YES;
				CLANG_WARN_SUSPICIOUS_MOVE = YES;
				CLANG_WARN_UNGUARDED_AVAILABILITY = YES_AGGRESSIVE;
				CLANG_WARN_UNREACHABLE_CODE = YES;
				CLANG_WARN__DUPLICATE_METHOD_MATCH = YES;
				COPY_PHASE_STRIP = NO;
				DEBUG_INFORMATION_FORMAT = dwarf;
				ENABLE_STRICT_OBJC_MSGSEND = YES;
				ENABLE_TESTABILITY = YES;
				GCC_C_LANGUAGE_STANDARD = gnu11;
				GCC_DYNAMIC_NO_PIC = NO;
				GCC_NO_COMMON_BLOCKS = YES;
				GCC_OPTIMIZATION_LEVEL = 0;
				GCC_PREPROCESSOR_DEFINITIONS = (
					"DEBUG=1",
					"$(inherited)",
				);
				GCC_WARN_64_TO_32_BIT_CONVERSION = YES;
				GCC_WARN_ABOUT_RETURN_TYPE = YES_ERROR;
				GCC_WARN_UNDECLARED_SELECTOR = YES;
				GCC_WARN_UNINITIALIZED_AUTOS = YES_AGGRESSIVE;
				GCC_WARN_UNUSED_FUNCTION = YES;
				GCC_WARN_UNUSED_VARIABLE = YES;
				IPHONEOS_DEPLOYMENT_TARGET = 15.2;
				MTL_ENABLE_DEBUG_INFO = INCLUDE_SOURCE;
				MTL_FAST_MATH = YES;
				ONLY_ACTIVE_ARCH = YES;
				SDKROOT = iphoneos;
				SWIFT_ACTIVE_COMPILATION_CONDITIONS = DEBUG;
				SWIFT_OPTIMIZATION_LEVEL = "-Onone";
			};
			name = Debug;
		};
		0F425482283ABED2004416B5 /* Release */ = {
			isa = XCBuildConfiguration;
			buildSettings = {
				ALWAYS_SEARCH_USER_PATHS = NO;
				CLANG_ANALYZER_NONNULL = YES;
				CLANG_ANALYZER_NUMBER_OBJECT_CONVERSION = YES_AGGRESSIVE;
				CLANG_CXX_LANGUAGE_STANDARD = "gnu++17";
				CLANG_CXX_LIBRARY = "libc++";
				CLANG_ENABLE_MODULES = YES;
				CLANG_ENABLE_OBJC_ARC = YES;
				CLANG_ENABLE_OBJC_WEAK = YES;
				CLANG_WARN_BLOCK_CAPTURE_AUTORELEASING = YES;
				CLANG_WARN_BOOL_CONVERSION = YES;
				CLANG_WARN_COMMA = YES;
				CLANG_WARN_CONSTANT_CONVERSION = YES;
				CLANG_WARN_DEPRECATED_OBJC_IMPLEMENTATIONS = YES;
				CLANG_WARN_DIRECT_OBJC_ISA_USAGE = YES_ERROR;
				CLANG_WARN_DOCUMENTATION_COMMENTS = YES;
				CLANG_WARN_EMPTY_BODY = YES;
				CLANG_WARN_ENUM_CONVERSION = YES;
				CLANG_WARN_INFINITE_RECURSION = YES;
				CLANG_WARN_INT_CONVERSION = YES;
				CLANG_WARN_NON_LITERAL_NULL_CONVERSION = YES;
				CLANG_WARN_OBJC_IMPLICIT_RETAIN_SELF = YES;
				CLANG_WARN_OBJC_LITERAL_CONVERSION = YES;
				CLANG_WARN_OBJC_ROOT_CLASS = YES_ERROR;
				CLANG_WARN_QUOTED_INCLUDE_IN_FRAMEWORK_HEADER = YES;
				CLANG_WARN_RANGE_LOOP_ANALYSIS = YES;
				CLANG_WARN_STRICT_PROTOTYPES = YES;
				CLANG_WARN_SUSPICIOUS_MOVE = YES;
				CLANG_WARN_UNGUARDED_AVAILABILITY = YES_AGGRESSIVE;
				CLANG_WARN_UNREACHABLE_CODE = YES;
				CLANG_WARN__DUPLICATE_METHOD_MATCH = YES;
				COPY_PHASE_STRIP = NO;
				DEBUG_INFORMATION_FORMAT = "dwarf-with-dsym";
				ENABLE_NS_ASSERTIONS = NO;
				ENABLE_STRICT_OBJC_MSGSEND = YES;
				GCC_C_LANGUAGE_STANDARD = gnu11;
				GCC_NO_COMMON_BLOCKS = YES;
				GCC_WARN_64_TO_32_BIT_CONVERSION = YES;
				GCC_WARN_ABOUT_RETURN_TYPE = YES_ERROR;
				GCC_WARN_UNDECLARED_SELECTOR = YES;
				GCC_WARN_UNINITIALIZED_AUTOS = YES_AGGRESSIVE;
				GCC_WARN_UNUSED_FUNCTION = YES;
				GCC_WARN_UNUSED_VARIABLE = YES;
				IPHONEOS_DEPLOYMENT_TARGET = 15.2;
				MTL_ENABLE_DEBUG_INFO = NO;
				MTL_FAST_MATH = YES;
				SDKROOT = iphoneos;
				SWIFT_COMPILATION_MODE = wholemodule;
				SWIFT_OPTIMIZATION_LEVEL = "-O";
				VALIDATE_PRODUCT = YES;
			};
			name = Release;
		};
		0F425484283ABED2004416B5 /* Debug */ = {
			isa = XCBuildConfiguration;
			buildSettings = {
				ASSETCATALOG_COMPILER_APPICON_NAME = AppIcon;
				ASSETCATALOG_COMPILER_GLOBAL_ACCENT_COLOR_NAME = AccentColor;
				CODE_SIGN_STYLE = Automatic;
				CURRENT_PROJECT_VERSION = 1;
				DEVELOPMENT_TEAM = X3U6T5GBN3;
				GENERATE_INFOPLIST_FILE = YES;
				INFOPLIST_FILE = "Rick and Mortey/Info.plist";
				INFOPLIST_KEY_UIApplicationSupportsIndirectInputEvents = YES;
				INFOPLIST_KEY_UILaunchStoryboardName = LaunchScreen;
				INFOPLIST_KEY_UISupportedInterfaceOrientations_iPad = "UIInterfaceOrientationPortrait UIInterfaceOrientationPortraitUpsideDown UIInterfaceOrientationLandscapeLeft UIInterfaceOrientationLandscapeRight";
				INFOPLIST_KEY_UISupportedInterfaceOrientations_iPhone = "UIInterfaceOrientationPortrait UIInterfaceOrientationLandscapeLeft UIInterfaceOrientationLandscapeRight";
				LD_RUNPATH_SEARCH_PATHS = (
					"$(inherited)",
					"@executable_path/Frameworks",
				);
				MARKETING_VERSION = 1.0;
				PRODUCT_BUNDLE_IDENTIFIER = "myOwn.Rick-and-Mortey";
				PRODUCT_NAME = "$(TARGET_NAME)";
				SWIFT_EMIT_LOC_STRINGS = YES;
				SWIFT_VERSION = 5.0;
				TARGETED_DEVICE_FAMILY = "1,2";
			};
			name = Debug;
		};
		0F425485283ABED2004416B5 /* Release */ = {
			isa = XCBuildConfiguration;
			buildSettings = {
				ASSETCATALOG_COMPILER_APPICON_NAME = AppIcon;
				ASSETCATALOG_COMPILER_GLOBAL_ACCENT_COLOR_NAME = AccentColor;
				CODE_SIGN_STYLE = Automatic;
				CURRENT_PROJECT_VERSION = 1;
				DEVELOPMENT_TEAM = X3U6T5GBN3;
				GENERATE_INFOPLIST_FILE = YES;
				INFOPLIST_FILE = "Rick and Mortey/Info.plist";
				INFOPLIST_KEY_UIApplicationSupportsIndirectInputEvents = YES;
				INFOPLIST_KEY_UILaunchStoryboardName = LaunchScreen;
				INFOPLIST_KEY_UISupportedInterfaceOrientations_iPad = "UIInterfaceOrientationPortrait UIInterfaceOrientationPortraitUpsideDown UIInterfaceOrientationLandscapeLeft UIInterfaceOrientationLandscapeRight";
				INFOPLIST_KEY_UISupportedInterfaceOrientations_iPhone = "UIInterfaceOrientationPortrait UIInterfaceOrientationLandscapeLeft UIInterfaceOrientationLandscapeRight";
				LD_RUNPATH_SEARCH_PATHS = (
					"$(inherited)",
					"@executable_path/Frameworks",
				);
				MARKETING_VERSION = 1.0;
				PRODUCT_BUNDLE_IDENTIFIER = "myOwn.Rick-and-Mortey";
				PRODUCT_NAME = "$(TARGET_NAME)";
				SWIFT_EMIT_LOC_STRINGS = YES;
				SWIFT_VERSION = 5.0;
				TARGETED_DEVICE_FAMILY = "1,2";
			};
			name = Release;
		};
		0F425487283ABED2004416B5 /* Debug */ = {
			isa = XCBuildConfiguration;
			buildSettings = {
				ALWAYS_EMBED_SWIFT_STANDARD_LIBRARIES = YES;
				BUNDLE_LOADER = "$(TEST_HOST)";
				CODE_SIGN_STYLE = Automatic;
				CURRENT_PROJECT_VERSION = 1;
				DEVELOPMENT_TEAM = X3U6T5GBN3;
				GENERATE_INFOPLIST_FILE = YES;
				IPHONEOS_DEPLOYMENT_TARGET = 15.2;
				MARKETING_VERSION = 1.0;
				PRODUCT_BUNDLE_IDENTIFIER = "myOwn.Rick-and-MorteyTests";
				PRODUCT_NAME = "$(TARGET_NAME)";
				SWIFT_EMIT_LOC_STRINGS = NO;
				SWIFT_VERSION = 5.0;
				TARGETED_DEVICE_FAMILY = "1,2";
				TEST_HOST = "$(BUILT_PRODUCTS_DIR)/Rick and Mortey.app/Rick and Mortey";
			};
			name = Debug;
		};
		0F425488283ABED2004416B5 /* Release */ = {
			isa = XCBuildConfiguration;
			buildSettings = {
				ALWAYS_EMBED_SWIFT_STANDARD_LIBRARIES = YES;
				BUNDLE_LOADER = "$(TEST_HOST)";
				CODE_SIGN_STYLE = Automatic;
				CURRENT_PROJECT_VERSION = 1;
				DEVELOPMENT_TEAM = X3U6T5GBN3;
				GENERATE_INFOPLIST_FILE = YES;
				IPHONEOS_DEPLOYMENT_TARGET = 15.2;
				MARKETING_VERSION = 1.0;
				PRODUCT_BUNDLE_IDENTIFIER = "myOwn.Rick-and-MorteyTests";
				PRODUCT_NAME = "$(TARGET_NAME)";
				SWIFT_EMIT_LOC_STRINGS = NO;
				SWIFT_VERSION = 5.0;
				TARGETED_DEVICE_FAMILY = "1,2";
				TEST_HOST = "$(BUILT_PRODUCTS_DIR)/Rick and Mortey.app/Rick and Mortey";
			};
			name = Release;
		};
		0F42548A283ABED2004416B5 /* Debug */ = {
			isa = XCBuildConfiguration;
			buildSettings = {
				ALWAYS_EMBED_SWIFT_STANDARD_LIBRARIES = YES;
				CODE_SIGN_STYLE = Automatic;
				CURRENT_PROJECT_VERSION = 1;
				DEVELOPMENT_TEAM = X3U6T5GBN3;
				GENERATE_INFOPLIST_FILE = YES;
				MARKETING_VERSION = 1.0;
				PRODUCT_BUNDLE_IDENTIFIER = "myOwn.Rick-and-MorteyUITests";
				PRODUCT_NAME = "$(TARGET_NAME)";
				SWIFT_EMIT_LOC_STRINGS = NO;
				SWIFT_VERSION = 5.0;
				TARGETED_DEVICE_FAMILY = "1,2";
				TEST_TARGET_NAME = "Rick and Mortey";
			};
			name = Debug;
		};
		0F42548B283ABED2004416B5 /* Release */ = {
			isa = XCBuildConfiguration;
			buildSettings = {
				ALWAYS_EMBED_SWIFT_STANDARD_LIBRARIES = YES;
				CODE_SIGN_STYLE = Automatic;
				CURRENT_PROJECT_VERSION = 1;
				DEVELOPMENT_TEAM = X3U6T5GBN3;
				GENERATE_INFOPLIST_FILE = YES;
				MARKETING_VERSION = 1.0;
				PRODUCT_BUNDLE_IDENTIFIER = "myOwn.Rick-and-MorteyUITests";
				PRODUCT_NAME = "$(TARGET_NAME)";
				SWIFT_EMIT_LOC_STRINGS = NO;
				SWIFT_VERSION = 5.0;
				TARGETED_DEVICE_FAMILY = "1,2";
				TEST_TARGET_NAME = "Rick and Mortey";
			};
			name = Release;
		};
/* End XCBuildConfiguration section */

/* Begin XCConfigurationList section */
		0F425454283ABECF004416B5 /* Build configuration list for PBXProject "Rick and Mortey" */ = {
			isa = XCConfigurationList;
			buildConfigurations = (
				0F425481283ABED2004416B5 /* Debug */,
				0F425482283ABED2004416B5 /* Release */,
			);
			defaultConfigurationIsVisible = 0;
			defaultConfigurationName = Release;
		};
		0F425483283ABED2004416B5 /* Build configuration list for PBXNativeTarget "Rick and Mortey" */ = {
			isa = XCConfigurationList;
			buildConfigurations = (
				0F425484283ABED2004416B5 /* Debug */,
				0F425485283ABED2004416B5 /* Release */,
			);
			defaultConfigurationIsVisible = 0;
			defaultConfigurationName = Release;
		};
		0F425486283ABED2004416B5 /* Build configuration list for PBXNativeTarget "Rick and MorteyTests" */ = {
			isa = XCConfigurationList;
			buildConfigurations = (
				0F425487283ABED2004416B5 /* Debug */,
				0F425488283ABED2004416B5 /* Release */,
			);
			defaultConfigurationIsVisible = 0;
			defaultConfigurationName = Release;
		};
		0F425489283ABED2004416B5 /* Build configuration list for PBXNativeTarget "Rick and MorteyUITests" */ = {
			isa = XCConfigurationList;
			buildConfigurations = (
				0F42548A283ABED2004416B5 /* Debug */,
				0F42548B283ABED2004416B5 /* Release */,
			);
			defaultConfigurationIsVisible = 0;
			defaultConfigurationName = Release;
		};
/* End XCConfigurationList section */

/* Begin XCRemoteSwiftPackageReference section */
		0FCB2A03284CB687009DA357 /* XCRemoteSwiftPackageReference "SDWebImage" */ = {
			isa = XCRemoteSwiftPackageReference;
			repositoryURL = "https://github.com/SDWebImage/SDWebImage.git";
			requirement = {
				branch = master;
				kind = branch;
			};
		};
/* End XCRemoteSwiftPackageReference section */

/* Begin XCSwiftPackageProductDependency section */
		0FCB2A04284CB687009DA357 /* SDWebImage */ = {
			isa = XCSwiftPackageProductDependency;
			package = 0FCB2A03284CB687009DA357 /* XCRemoteSwiftPackageReference "SDWebImage" */;
			productName = SDWebImage;
		};
		0FCB2A06284CB687009DA357 /* SDWebImageMapKit */ = {
			isa = XCSwiftPackageProductDependency;
			package = 0FCB2A03284CB687009DA357 /* XCRemoteSwiftPackageReference "SDWebImage" */;
			productName = SDWebImageMapKit;
		};
/* End XCSwiftPackageProductDependency section */
	};
	rootObject = 0F425451283ABECF004416B5 /* Project object */;
}
